// !$*UTF8*$!
{
	archiveVersion = 1;
	classes = {
	};
	objectVersion = 50;
	objects = {

/* Begin PBXBuildFile section */
		316812C52192EE8400D8B158 /* loginscene.swift in Sources */ = {isa = PBXBuildFile; fileRef = 316812C42192EE8400D8B158 /* loginscene.swift */; };
		316812CB2193004900D8B158 /* PointShop.swift in Sources */ = {isa = PBXBuildFile; fileRef = 316812CA2193004900D8B158 /* PointShop.swift */; };
		316812CD2193007900D8B158 /* AiChat.swift in Sources */ = {isa = PBXBuildFile; fileRef = 316812CC2193007900D8B158 /* AiChat.swift */; };
		316812CF219300A800D8B158 /* Setting.swift in Sources */ = {isa = PBXBuildFile; fileRef = 316812CE219300A800D8B158 /* Setting.swift */; };
		AF0943E42196EA5B0040B6A1 /* StudyRoom.swift in Sources */ = {isa = PBXBuildFile; fileRef = AF0943E32196EA5B0040B6A1 /* StudyRoom.swift */; };
		AF22D56621970F1B008CDB56 /* StudyRoom4.swift in Sources */ = {isa = PBXBuildFile; fileRef = AF22D56521970F1B008CDB56 /* StudyRoom4.swift */; };
		AF22D56A21971823008CDB56 /* WordShell.swift in Sources */ = {isa = PBXBuildFile; fileRef = AF22D56921971823008CDB56 /* WordShell.swift */; };
		AF22D56C2197800E008CDB56 /* studyWord.swift in Sources */ = {isa = PBXBuildFile; fileRef = AF22D56B2197800E008CDB56 /* studyWord.swift */; };
		AF22D57B21979C2E008CDB56 /* Images-3.xcassets in Resources */ = {isa = PBXBuildFile; fileRef = AF22D57A21979C2E008CDB56 /* Images-3.xcassets */; };
		AF22D57D2197A80D008CDB56 /* logo 2.png in Resources */ = {isa = PBXBuildFile; fileRef = AF22D57C2197A80C008CDB56 /* logo 2.png */; };
		AF22D57F2197A818008CDB56 /* KakaoTalk_Photo_2018-11-11-06-19-04.jpeg in Resources */ = {isa = PBXBuildFile; fileRef = AF22D57E2197A818008CDB56 /* KakaoTalk_Photo_2018-11-11-06-19-04.jpeg */; };
		AF22D5812197A821008CDB56 /* KakaoTalk_Photo_2018-11-11-06-18-59.jpeg in Resources */ = {isa = PBXBuildFile; fileRef = AF22D5802197A821008CDB56 /* KakaoTalk_Photo_2018-11-11-06-18-59.jpeg */; };
		AF22D5832197A82A008CDB56 /* KakaoTalk_Photo_2018-11-11-06-18-49.jpeg in Resources */ = {isa = PBXBuildFile; fileRef = AF22D5822197A829008CDB56 /* KakaoTalk_Photo_2018-11-11-06-18-49.jpeg */; };
		AF5CCB41217F5AE600E251BC /* AppDelegate.swift in Sources */ = {isa = PBXBuildFile; fileRef = AF5CCB40217F5AE600E251BC /* AppDelegate.swift */; };
		AF5CCB43217F5AE600E251BC /* mainscene.swift in Sources */ = {isa = PBXBuildFile; fileRef = AF5CCB42217F5AE600E251BC /* mainscene.swift */; };
		AF5CCB46217F5AE600E251BC /* Main.storyboard in Resources */ = {isa = PBXBuildFile; fileRef = AF5CCB44217F5AE600E251BC /* Main.storyboard */; };
		AF5CCB4B217F5AE800E251BC /* LaunchScreen.storyboard in Resources */ = {isa = PBXBuildFile; fileRef = AF5CCB49217F5AE800E251BC /* LaunchScreen.storyboard */; };
		AFFF35362196AE9400870DAD /* StudyScene.swift in Sources */ = {isa = PBXBuildFile; fileRef = AFFF35352196AE9400870DAD /* StudyScene.swift */; };
/* End PBXBuildFile section */

/* Begin PBXFileReference section */
		316812C42192EE8400D8B158 /* loginscene.swift */ = {isa = PBXFileReference; lastKnownFileType = sourcecode.swift; path = loginscene.swift; sourceTree = "<group>"; };
		316812CA2193004900D8B158 /* PointShop.swift */ = {isa = PBXFileReference; lastKnownFileType = sourcecode.swift; path = PointShop.swift; sourceTree = "<group>"; };
		316812CC2193007900D8B158 /* AiChat.swift */ = {isa = PBXFileReference; lastKnownFileType = sourcecode.swift; path = AiChat.swift; sourceTree = "<group>"; };
		316812CE219300A800D8B158 /* Setting.swift */ = {isa = PBXFileReference; lastKnownFileType = sourcecode.swift; path = Setting.swift; sourceTree = "<group>"; };
		AF0943E32196EA5B0040B6A1 /* StudyRoom.swift */ = {isa = PBXFileReference; lastKnownFileType = sourcecode.swift; path = StudyRoom.swift; sourceTree = "<group>"; };
		AF22D56521970F1B008CDB56 /* StudyRoom4.swift */ = {isa = PBXFileReference; lastKnownFileType = sourcecode.swift; path = StudyRoom4.swift; sourceTree = "<group>"; };
		AF22D56921971823008CDB56 /* WordShell.swift */ = {isa = PBXFileReference; lastKnownFileType = sourcecode.swift; path = WordShell.swift; sourceTree = "<group>"; };
		AF22D56B2197800E008CDB56 /* studyWord.swift */ = {isa = PBXFileReference; lastKnownFileType = sourcecode.swift; path = studyWord.swift; sourceTree = "<group>"; };
		AF22D57A21979C2E008CDB56 /* Images-3.xcassets */ = {isa = PBXFileReference; lastKnownFileType = folder.assetcatalog; path = "Images-3.xcassets"; sourceTree = "<group>"; };
		AF22D57C2197A80C008CDB56 /* logo 2.png */ = {isa = PBXFileReference; lastKnownFileType = image.png; path = "logo 2.png"; sourceTree = "<group>"; };
		AF22D57E2197A818008CDB56 /* KakaoTalk_Photo_2018-11-11-06-19-04.jpeg */ = {isa = PBXFileReference; lastKnownFileType = image.jpeg; path = "KakaoTalk_Photo_2018-11-11-06-19-04.jpeg"; sourceTree = "<group>"; };
		AF22D5802197A821008CDB56 /* KakaoTalk_Photo_2018-11-11-06-18-59.jpeg */ = {isa = PBXFileReference; lastKnownFileType = image.jpeg; path = "KakaoTalk_Photo_2018-11-11-06-18-59.jpeg"; sourceTree = "<group>"; };
		AF22D5822197A829008CDB56 /* KakaoTalk_Photo_2018-11-11-06-18-49.jpeg */ = {isa = PBXFileReference; lastKnownFileType = image.jpeg; path = "KakaoTalk_Photo_2018-11-11-06-18-49.jpeg"; sourceTree = "<group>"; };
		AF5CCB3D217F5AE600E251BC /* IF HACKERTHON.app */ = {isa = PBXFileReference; explicitFileType = wrapper.application; includeInIndex = 0; path = "IF HACKERTHON.app"; sourceTree = BUILT_PRODUCTS_DIR; };
		AF5CCB40217F5AE600E251BC /* AppDelegate.swift */ = {isa = PBXFileReference; lastKnownFileType = sourcecode.swift; path = AppDelegate.swift; sourceTree = "<group>"; };
		AF5CCB42217F5AE600E251BC /* mainscene.swift */ = {isa = PBXFileReference; lastKnownFileType = sourcecode.swift; path = mainscene.swift; sourceTree = "<group>"; };
		AF5CCB45217F5AE600E251BC /* Base */ = {isa = PBXFileReference; lastKnownFileType = file.storyboard; name = Base; path = Base.lproj/Main.storyboard; sourceTree = "<group>"; };
		AF5CCB4A217F5AE800E251BC /* Base */ = {isa = PBXFileReference; lastKnownFileType = file.storyboard; name = Base; path = Base.lproj/LaunchScreen.storyboard; sourceTree = "<group>"; };
		AF5CCB4C217F5AE800E251BC /* Info.plist */ = {isa = PBXFileReference; lastKnownFileType = text.plist.xml; path = Info.plist; sourceTree = "<group>"; };
		AFFF35352196AE9400870DAD /* StudyScene.swift */ = {isa = PBXFileReference; lastKnownFileType = sourcecode.swift; name = StudyScene.swift; path = ../StudyScene.swift; sourceTree = "<group>"; };
/* End PBXFileReference section */

/* Begin PBXFrameworksBuildPhase section */
		AF5CCB3A217F5AE600E251BC /* Frameworks */ = {
			isa = PBXFrameworksBuildPhase;
			buildActionMask = 2147483647;
			files = (
			);
			runOnlyForDeploymentPostprocessing = 0;
		};
/* End PBXFrameworksBuildPhase section */

/* Begin PBXGroup section */
		AF5CCB34217F5AE600E251BC = {
			isa = PBXGroup;
			children = (
				AF5CCB3F217F5AE600E251BC /* IF HACKERTHON */,
				AF5CCB3E217F5AE600E251BC /* Products */,
			);
			sourceTree = "<group>";
		};
		AF5CCB3E217F5AE600E251BC /* Products */ = {
			isa = PBXGroup;
			children = (
				AF5CCB3D217F5AE600E251BC /* IF HACKERTHON.app */,
			);
			name = Products;
			sourceTree = "<group>";
		};
		AF5CCB3F217F5AE600E251BC /* IF HACKERTHON */ = {
			isa = PBXGroup;
			children = (
				AFFF35352196AE9400870DAD /* StudyScene.swift */,
				AF5CCB40217F5AE600E251BC /* AppDelegate.swift */,
				AF5CCB42217F5AE600E251BC /* mainscene.swift */,
				316812C42192EE8400D8B158 /* loginscene.swift */,
				AF5CCB44217F5AE600E251BC /* Main.storyboard */,
				AF22D57C2197A80C008CDB56 /* logo 2.png */,
				316812CC2193007900D8B158 /* AiChat.swift */,
				AF5CCB49217F5AE800E251BC /* LaunchScreen.storyboard */,
				AF22D57E2197A818008CDB56 /* KakaoTalk_Photo_2018-11-11-06-19-04.jpeg */,
				AF5CCB4C217F5AE800E251BC /* Info.plist */,
				316812CA2193004900D8B158 /* PointShop.swift */,
				AF22D5822197A829008CDB56 /* KakaoTalk_Photo_2018-11-11-06-18-49.jpeg */,
				AF22D5802197A821008CDB56 /* KakaoTalk_Photo_2018-11-11-06-18-59.jpeg */,
				316812CE219300A800D8B158 /* Setting.swift */,
				AF0943E32196EA5B0040B6A1 /* StudyRoom.swift */,
				AF22D56521970F1B008CDB56 /* StudyRoom4.swift */,
				AF22D56921971823008CDB56 /* WordShell.swift */,
				AF22D56B2197800E008CDB56 /* studyWord.swift */,
				AF22D57A21979C2E008CDB56 /* Images-3.xcassets */,
			);
			path = "IF HACKERTHON";
			sourceTree = "<group>";
		};
/* End PBXGroup section */

/* Begin PBXNativeTarget section */
		AF5CCB3C217F5AE600E251BC /* IF HACKERTHON */ = {
			isa = PBXNativeTarget;
			buildConfigurationList = AF5CCB4F217F5AE800E251BC /* Build configuration list for PBXNativeTarget "IF HACKERTHON" */;
			buildPhases = (
				AF5CCB39217F5AE600E251BC /* Sources */,
				AF5CCB3A217F5AE600E251BC /* Frameworks */,
				AF5CCB3B217F5AE600E251BC /* Resources */,
			);
			buildRules = (
			);
			dependencies = (
			);
			name = "IF HACKERTHON";
			productName = "IF HACKERTHON";
			productReference = AF5CCB3D217F5AE600E251BC /* IF HACKERTHON.app */;
			productType = "com.apple.product-type.application";
		};
/* End PBXNativeTarget section */

/* Begin PBXProject section */
		AF5CCB35217F5AE600E251BC /* Project object */ = {
			isa = PBXProject;
			attributes = {
				LastSwiftUpdateCheck = 1000;
				LastUpgradeCheck = 1000;
				ORGANIZATIONNAME = "개발하는인싸들";
				TargetAttributes = {
					AF5CCB3C217F5AE600E251BC = {
						CreatedOnToolsVersion = 10.0;
					};
				};
			};
			buildConfigurationList = AF5CCB38217F5AE600E251BC /* Build configuration list for PBXProject "IF HACKERTHON" */;
			compatibilityVersion = "Xcode 9.3";
			developmentRegion = en;
			hasScannedForEncodings = 0;
			knownRegions = (
				en,
				Base,
			);
			mainGroup = AF5CCB34217F5AE600E251BC;
			productRefGroup = AF5CCB3E217F5AE600E251BC /* Products */;
			projectDirPath = "";
			projectRoot = "";
			targets = (
				AF5CCB3C217F5AE600E251BC /* IF HACKERTHON */,
			);
		};
/* End PBXProject section */

/* Begin PBXResourcesBuildPhase section */
		AF5CCB3B217F5AE600E251BC /* Resources */ = {
			isa = PBXResourcesBuildPhase;
			buildActionMask = 2147483647;
			files = (
				AF22D5812197A821008CDB56 /* KakaoTalk_Photo_2018-11-11-06-18-59.jpeg in Resources */,
				AF22D57D2197A80D008CDB56 /* logo 2.png in Resources */,
				AF22D57B21979C2E008CDB56 /* Images-3.xcassets in Resources */,
				AF5CCB4B217F5AE800E251BC /* LaunchScreen.storyboard in Resources */,
				AF5CCB46217F5AE600E251BC /* Main.storyboard in Resources */,
				AF22D57F2197A818008CDB56 /* KakaoTalk_Photo_2018-11-11-06-19-04.jpeg in Resources */,
				AF22D5832197A82A008CDB56 /* KakaoTalk_Photo_2018-11-11-06-18-49.jpeg in Resources */,
			);
			runOnlyForDeploymentPostprocessing = 0;
		};
/* End PBXResourcesBuildPhase section */

/* Begin PBXSourcesBuildPhase section */
		AF5CCB39217F5AE600E251BC /* Sources */ = {
			isa = PBXSourcesBuildPhase;
			buildActionMask = 2147483647;
			files = (
				AF0943E42196EA5B0040B6A1 /* StudyRoom.swift in Sources */,
				AFFF35362196AE9400870DAD /* StudyScene.swift in Sources */,
				AF5CCB43217F5AE600E251BC /* mainscene.swift in Sources */,
				AF22D56C2197800E008CDB56 /* studyWord.swift in Sources */,
				AF5CCB41217F5AE600E251BC /* AppDelegate.swift in Sources */,
				AF22D56A21971823008CDB56 /* WordShell.swift in Sources */,
				316812CB2193004900D8B158 /* PointShop.swift in Sources */,
				316812CF219300A800D8B158 /* Setting.swift in Sources */,
				316812C52192EE8400D8B158 /* loginscene.swift in Sources */,
				AF22D56621970F1B008CDB56 /* StudyRoom4.swift in Sources */,
				316812CD2193007900D8B158 /* AiChat.swift in Sources */,
			);
			runOnlyForDeploymentPostprocessing = 0;
		};
/* End PBXSourcesBuildPhase section */

/* Begin PBXVariantGroup section */
		AF5CCB44217F5AE600E251BC /* Main.storyboard */ = {
			isa = PBXVariantGroup;
			children = (
				AF5CCB45217F5AE600E251BC /* Base */,
			);
			name = Main.storyboard;
			sourceTree = "<group>";
		};
		AF5CCB49217F5AE800E251BC /* LaunchScreen.storyboard */ = {
			isa = PBXVariantGroup;
			children = (
				AF5CCB4A217F5AE800E251BC /* Base */,
			);
			name = LaunchScreen.storyboard;
			sourceTree = "<group>";
		};
/* End PBXVariantGroup section */

/* Begin XCBuildConfiguration section */
		AF5CCB4D217F5AE800E251BC /* Debug */ = {
			isa = XCBuildConfiguration;
			buildSettings = {
				ALWAYS_SEARCH_USER_PATHS = NO;
				CLANG_ANALYZER_NONNULL = YES;
				CLANG_ANALYZER_NUMBER_OBJECT_CONVERSION = YES_AGGRESSIVE;
				CLANG_CXX_LANGUAGE_STANDARD = "gnu++14";
				CLANG_CXX_LIBRARY = "libc++";
				CLANG_ENABLE_MODULES = YES;
				CLANG_ENABLE_OBJC_ARC = YES;
				CLANG_ENABLE_OBJC_WEAK = YES;
				CLANG_WARN_BLOCK_CAPTURE_AUTORELEASING = YES;
				CLANG_WARN_BOOL_CONVERSION = YES;
				CLANG_WARN_COMMA = YES;
				CLANG_WARN_CONSTANT_CONVERSION = YES;
				CLANG_WARN_DEPRECATED_OBJC_IMPLEMENTATIONS = YES;
				CLANG_WARN_DIRECT_OBJC_ISA_USAGE = YES_ERROR;
				CLANG_WARN_DOCUMENTATION_COMMENTS = YES;
				CLANG_WARN_EMPTY_BODY = YES;
				CLANG_WARN_ENUM_CONVERSION = YES;
				CLANG_WARN_INFINITE_RECURSION = YES;
				CLANG_WARN_INT_CONVERSION = YES;
				CLANG_WARN_NON_LITERAL_NULL_CONVERSION = YES;
				CLANG_WARN_OBJC_IMPLICIT_RETAIN_SELF = YES;
				CLANG_WARN_OBJC_LITERAL_CONVERSION = YES;
				CLANG_WARN_OBJC_ROOT_CLASS = YES_ERROR;
				CLANG_WARN_RANGE_LOOP_ANALYSIS = YES;
				CLANG_WARN_STRICT_PROTOTYPES = YES;
				CLANG_WARN_SUSPICIOUS_MOVE = YES;
				CLANG_WARN_UNGUARDED_AVAILABILITY = YES_AGGRESSIVE;
				CLANG_WARN_UNREACHABLE_CODE = YES;
				CLANG_WARN__DUPLICATE_METHOD_MATCH = YES;
				CODE_SIGN_IDENTITY = "iPhone Developer";
				COPY_PHASE_STRIP = NO;
				DEBUG_INFORMATION_FORMAT = dwarf;
				ENABLE_STRICT_OBJC_MSGSEND = YES;
				ENABLE_TESTABILITY = YES;
				GCC_C_LANGUAGE_STANDARD = gnu11;
				GCC_DYNAMIC_NO_PIC = NO;
				GCC_NO_COMMON_BLOCKS = YES;
				GCC_OPTIMIZATION_LEVEL = 0;
				GCC_PREPROCESSOR_DEFINITIONS = (
					"DEBUG=1",
					"$(inherited)",
				);
				GCC_WARN_64_TO_32_BIT_CONVERSION = YES;
				GCC_WARN_ABOUT_RETURN_TYPE = YES_ERROR;
				GCC_WARN_UNDECLARED_SELECTOR = YES;
				GCC_WARN_UNINITIALIZED_AUTOS = YES_AGGRESSIVE;
				GCC_WARN_UNUSED_FUNCTION = YES;
				GCC_WARN_UNUSED_VARIABLE = YES;
				IPHONEOS_DEPLOYMENT_TARGET = 12.0;
				MTL_ENABLE_DEBUG_INFO = INCLUDE_SOURCE;
				MTL_FAST_MATH = YES;
				ONLY_ACTIVE_ARCH = YES;
				SDKROOT = iphoneos;
				SWIFT_ACTIVE_COMPILATION_CONDITIONS = DEBUG;
				SWIFT_OPTIMIZATION_LEVEL = "-Onone";
			};
			name = Debug;
		};
		AF5CCB4E217F5AE800E251BC /* Release */ = {
			isa = XCBuildConfiguration;
			buildSettings = {
				ALWAYS_SEARCH_USER_PATHS = NO;
				CLANG_ANALYZER_NONNULL = YES;
				CLANG_ANALYZER_NUMBER_OBJECT_CONVERSION = YES_AGGRESSIVE;
				CLANG_CXX_LANGUAGE_STANDARD = "gnu++14";
				CLANG_CXX_LIBRARY = "libc++";
				CLANG_ENABLE_MODULES = YES;
				CLANG_ENABLE_OBJC_ARC = YES;
				CLANG_ENABLE_OBJC_WEAK = YES;
				CLANG_WARN_BLOCK_CAPTURE_AUTORELEASING = YES;
				CLANG_WARN_BOOL_CONVERSION = YES;
				CLANG_WARN_COMMA = YES;
				CLANG_WARN_CONSTANT_CONVERSION = YES;
				CLANG_WARN_DEPRECATED_OBJC_IMPLEMENTATIONS = YES;
				CLANG_WARN_DIRECT_OBJC_ISA_USAGE = YES_ERROR;
				CLANG_WARN_DOCUMENTATION_COMMENTS = YES;
				CLANG_WARN_EMPTY_BODY = YES;
				CLANG_WARN_ENUM_CONVERSION = YES;
				CLANG_WARN_INFINITE_RECURSION = YES;
				CLANG_WARN_INT_CONVERSION = YES;
				CLANG_WARN_NON_LITERAL_NULL_CONVERSION = YES;
				CLANG_WARN_OBJC_IMPLICIT_RETAIN_SELF = YES;
				CLANG_WARN_OBJC_LITERAL_CONVERSION = YES;
				CLANG_WARN_OBJC_ROOT_CLASS = YES_ERROR;
				CLANG_WARN_RANGE_LOOP_ANALYSIS = YES;
				CLANG_WARN_STRICT_PROTOTYPES = YES;
				CLANG_WARN_SUSPICIOUS_MOVE = YES;
				CLANG_WARN_UNGUARDED_AVAILABILITY = YES_AGGRESSIVE;
				CLANG_WARN_UNREACHABLE_CODE = YES;
				CLANG_WARN__DUPLICATE_METHOD_MATCH = YES;
				CODE_SIGN_IDENTITY = "iPhone Developer";
				COPY_PHASE_STRIP = NO;
				DEBUG_INFORMATION_FORMAT = "dwarf-with-dsym";
				ENABLE_NS_ASSERTIONS = NO;
				ENABLE_STRICT_OBJC_MSGSEND = YES;
				GCC_C_LANGUAGE_STANDARD = gnu11;
				GCC_NO_COMMON_BLOCKS = YES;
				GCC_WARN_64_TO_32_BIT_CONVERSION = YES;
				GCC_WARN_ABOUT_RETURN_TYPE = YES_ERROR;
				GCC_WARN_UNDECLARED_SELECTOR = YES;
				GCC_WARN_UNINITIALIZED_AUTOS = YES_AGGRESSIVE;
				GCC_WARN_UNUSED_FUNCTION = YES;
				GCC_WARN_UNUSED_VARIABLE = YES;
				IPHONEOS_DEPLOYMENT_TARGET = 12.0;
				MTL_ENABLE_DEBUG_INFO = NO;
				MTL_FAST_MATH = YES;
				SDKROOT = iphoneos;
				SWIFT_COMPILATION_MODE = wholemodule;
				SWIFT_OPTIMIZATION_LEVEL = "-O";
				VALIDATE_PRODUCT = YES;
			};
			name = Release;
		};
		AF5CCB50217F5AE800E251BC /* Debug */ = {
			isa = XCBuildConfiguration;
			buildSettings = {
				ASSETCATALOG_COMPILER_APPICON_NAME = AppIcon;
				ASSETCATALOG_COMPILER_LAUNCHIMAGE_NAME = LaunchImage;
				CODE_SIGN_STYLE = Automatic;
				COPY_HEADERS_RUN_UNIFDEF = YES;
				DEVELOPMENT_TEAM = 45K89U54K6;
				INFOPLIST_FILE = "IF HACKERTHON/Info.plist";
				IPHONEOS_DEPLOYMENT_TARGET = 11.4;
				LD_RUNPATH_SEARCH_PATHS = (
					"$(inherited)",
					"@executable_path/Frameworks",
				);
				PRODUCT_BUNDLE_IDENTIFIER = "Com.project.IF-HACKATHONE";
				PRODUCT_NAME = "$(TARGET_NAME)";
				SWIFT_VERSION = 4.2;
				TARGETED_DEVICE_FAMILY = "1,2";
			};
			name = Debug;
		};
		AF5CCB51217F5AE800E251BC /* Release */ = {
			isa = XCBuildConfiguration;
			buildSettings = {
				ASSETCATALOG_COMPILER_APPICON_NAME = AppIcon;
				ASSETCATALOG_COMPILER_LAUNCHIMAGE_NAME = LaunchImage;
				CODE_SIGN_STYLE = Automatic;
				COPY_HEADERS_RUN_UNIFDEF = YES;
				DEVELOPMENT_TEAM = 45K89U54K6;
				INFOPLIST_FILE = "IF HACKERTHON/Info.plist";
				IPHONEOS_DEPLOYMENT_TARGET = 11.4;
				LD_RUNPATH_SEARCH_PATHS = (
					"$(inherited)",
					"@executable_path/Frameworks",
				);
				PRODUCT_BUNDLE_IDENTIFIER = "Com.project.IF-HACKATHONE";
				PRODUCT_NAME = "$(TARGET_NAME)";
				SWIFT_VERSION = 4.2;
				TARGETED_DEVICE_FAMILY = "1,2";
			};
			name = Release;
		};
/* End XCBuildConfiguration section */

/* Begin XCConfigurationList section */
		AF5CCB38217F5AE600E251BC /* Build configuration list for PBXProject "IF HACKERTHON" */ = {
			isa = XCConfigurationList;
			buildConfigurations = (
				AF5CCB4D217F5AE800E251BC /* Debug */,
				AF5CCB4E217F5AE800E251BC /* Release */,
			);
			defaultConfigurationIsVisible = 0;
			defaultConfigurationName = Release;
		};
		AF5CCB4F217F5AE800E251BC /* Build configuration list for PBXNativeTarget "IF HACKERTHON" */ = {
			isa = XCConfigurationList;
			buildConfigurations = (
				AF5CCB50217F5AE800E251BC /* Debug */,
				AF5CCB51217F5AE800E251BC /* Release */,
			);
			defaultConfigurationIsVisible = 0;
			defaultConfigurationName = Release;
		};
/* End XCConfigurationList section */
	};
	rootObject = AF5CCB35217F5AE600E251BC /* Project object */;
}
